// !$*UTF8*$!
{
	archiveVersion = 1;
	classes = {
	};
	objectVersion = 55;
	objects = {

/* Begin PBXBuildFile section */
		025D5D9827F29C8500A570A5 /* AppDelegate.swift in Sources */ = {isa = PBXBuildFile; fileRef = 025D5D9727F29C8500A570A5 /* AppDelegate.swift */; };
		025D5D9A27F29C8500A570A5 /* SceneDelegate.swift in Sources */ = {isa = PBXBuildFile; fileRef = 025D5D9927F29C8500A570A5 /* SceneDelegate.swift */; };
		025D5D9C27F29C8500A570A5 /* ViewController.swift in Sources */ = {isa = PBXBuildFile; fileRef = 025D5D9B27F29C8500A570A5 /* ViewController.swift */; };
		025D5D9F27F29C8500A570A5 /* Main.storyboard in Resources */ = {isa = PBXBuildFile; fileRef = 025D5D9D27F29C8500A570A5 /* Main.storyboard */; };
		025D5DA127F29C8700A570A5 /* Assets.xcassets in Resources */ = {isa = PBXBuildFile; fileRef = 025D5DA027F29C8700A570A5 /* Assets.xcassets */; };
		025D5DA427F29C8700A570A5 /* LaunchScreen.storyboard in Resources */ = {isa = PBXBuildFile; fileRef = 025D5DA227F29C8700A570A5 /* LaunchScreen.storyboard */; };
		025D5DAD27F2A04E00A570A5 /* Photo.swift in Sources */ = {isa = PBXBuildFile; fileRef = 025D5DAC27F2A04E00A570A5 /* Photo.swift */; };
		025D5DB427F2AF4900A570A5 /* CustomCell.swift in Sources */ = {isa = PBXBuildFile; fileRef = 025D5DB327F2AF4900A570A5 /* CustomCell.swift */; };
		025D5DB627F3310D00A570A5 /* DetailViewController.swift in Sources */ = {isa = PBXBuildFile; fileRef = 025D5DB527F3310D00A570A5 /* DetailViewController.swift */; };
		02D2C560280640E700973BE3 /* PhotoDetails.swift in Sources */ = {isa = PBXBuildFile; fileRef = 02D2C55F280640E700973BE3 /* PhotoDetails.swift */; };
		02D2C5632806436700973BE3 /* UIViewUtil.swift in Sources */ = {isa = PBXBuildFile; fileRef = 02D2C5622806436700973BE3 /* UIViewUtil.swift */; };
/* End PBXBuildFile section */

/* Begin PBXFileReference section */
		025D5D9427F29C8500A570A5 /* Homework_Week2.app */ = {isa = PBXFileReference; explicitFileType = wrapper.application; includeInIndex = 0; path = Homework_Week2.app; sourceTree = BUILT_PRODUCTS_DIR; };
		025D5D9727F29C8500A570A5 /* AppDelegate.swift */ = {isa = PBXFileReference; lastKnownFileType = sourcecode.swift; path = AppDelegate.swift; sourceTree = "<group>"; };
		025D5D9927F29C8500A570A5 /* SceneDelegate.swift */ = {isa = PBXFileReference; lastKnownFileType = sourcecode.swift; path = SceneDelegate.swift; sourceTree = "<group>"; };
		025D5D9B27F29C8500A570A5 /* ViewController.swift */ = {isa = PBXFileReference; lastKnownFileType = sourcecode.swift; path = ViewController.swift; sourceTree = "<group>"; };
		025D5D9E27F29C8500A570A5 /* Base */ = {isa = PBXFileReference; lastKnownFileType = file.storyboard; name = Base; path = Base.lproj/Main.storyboard; sourceTree = "<group>"; };
		025D5DA027F29C8700A570A5 /* Assets.xcassets */ = {isa = PBXFileReference; lastKnownFileType = folder.assetcatalog; path = Assets.xcassets; sourceTree = "<group>"; };
		025D5DA327F29C8700A570A5 /* Base */ = {isa = PBXFileReference; lastKnownFileType = file.storyboard; name = Base; path = Base.lproj/LaunchScreen.storyboard; sourceTree = "<group>"; };
		025D5DA527F29C8700A570A5 /* Info.plist */ = {isa = PBXFileReference; lastKnownFileType = text.plist.xml; path = Info.plist; sourceTree = "<group>"; };
		025D5DAC27F2A04E00A570A5 /* Photo.swift */ = {isa = PBXFileReference; lastKnownFileType = sourcecode.swift; path = Photo.swift; sourceTree = "<group>"; };
		025D5DB327F2AF4900A570A5 /* CustomCell.swift */ = {isa = PBXFileReference; lastKnownFileType = sourcecode.swift; path = CustomCell.swift; sourceTree = "<group>"; };
		025D5DB527F3310D00A570A5 /* DetailViewController.swift */ = {isa = PBXFileReference; lastKnownFileType = sourcecode.swift; path = DetailViewController.swift; sourceTree = "<group>"; };
		02D2C55F280640E700973BE3 /* PhotoDetails.swift */ = {isa = PBXFileReference; lastKnownFileType = sourcecode.swift; path = PhotoDetails.swift; sourceTree = "<group>"; };
		02D2C5622806436700973BE3 /* UIViewUtil.swift */ = {isa = PBXFileReference; lastKnownFileType = sourcecode.swift; path = UIViewUtil.swift; sourceTree = "<group>"; };
/* End PBXFileReference section */

/* Begin PBXFrameworksBuildPhase section */
		025D5D9127F29C8500A570A5 /* Frameworks */ = {
			isa = PBXFrameworksBuildPhase;
			buildActionMask = 2147483647;
			files = (
			);
			runOnlyForDeploymentPostprocessing = 0;
		};
/* End PBXFrameworksBuildPhase section */

/* Begin PBXGroup section */
		025D5D8B27F29C8500A570A5 = {
			isa = PBXGroup;
			children = (
				025D5D9627F29C8500A570A5 /* Homework_Week2 */,
				025D5D9527F29C8500A570A5 /* Products */,
			);
			sourceTree = "<group>";
		};
		025D5D9527F29C8500A570A5 /* Products */ = {
			isa = PBXGroup;
			children = (
				025D5D9427F29C8500A570A5 /* Homework_Week2.app */,
			);
			name = Products;
			sourceTree = "<group>";
		};
		025D5D9627F29C8500A570A5 /* Homework_Week2 */ = {
			isa = PBXGroup;
			children = (
				02D2C5612806434A00973BE3 /* Utils */,
				025D5DAB27F2A03800A570A5 /* Model */,
				025D5D9B27F29C8500A570A5 /* ViewController.swift */,
				025D5DB527F3310D00A570A5 /* DetailViewController.swift */,
				025D5DB327F2AF4900A570A5 /* CustomCell.swift */,
				025D5D9727F29C8500A570A5 /* AppDelegate.swift */,
				025D5D9927F29C8500A570A5 /* SceneDelegate.swift */,
				025D5D9D27F29C8500A570A5 /* Main.storyboard */,
				025D5DA227F29C8700A570A5 /* LaunchScreen.storyboard */,
				025D5DA527F29C8700A570A5 /* Info.plist */,
				025D5DA027F29C8700A570A5 /* Assets.xcassets */,
			);
			path = Homework_Week2;
			sourceTree = "<group>";
		};
		025D5DAB27F2A03800A570A5 /* Model */ = {
			isa = PBXGroup;
			children = (
				025D5DAC27F2A04E00A570A5 /* Photo.swift */,
				02D2C55F280640E700973BE3 /* PhotoDetails.swift */,
			);
			path = Model;
			sourceTree = "<group>";
		};
		02D2C5612806434A00973BE3 /* Utils */ = {
			isa = PBXGroup;
			children = (
				02D2C5622806436700973BE3 /* UIViewUtil.swift */,
			);
			path = Utils;
			sourceTree = "<group>";
		};
/* End PBXGroup section */

/* Begin PBXNativeTarget section */
		025D5D9327F29C8500A570A5 /* Homework_Week2 */ = {
			isa = PBXNativeTarget;
			buildConfigurationList = 025D5DA827F29C8700A570A5 /* Build configuration list for PBXNativeTarget "Homework_Week2" */;
			buildPhases = (
				025D5D9027F29C8500A570A5 /* Sources */,
				025D5D9127F29C8500A570A5 /* Frameworks */,
				025D5D9227F29C8500A570A5 /* Resources */,
			);
			buildRules = (
			);
			dependencies = (
			);
			name = Homework_Week2;
			productName = Homework_Week2;
			productReference = 025D5D9427F29C8500A570A5 /* Homework_Week2.app */;
			productType = "com.apple.product-type.application";
		};
/* End PBXNativeTarget section */

/* Begin PBXProject section */
		025D5D8C27F29C8500A570A5 /* Project object */ = {
			isa = PBXProject;
			attributes = {
				BuildIndependentTargetsInParallel = 1;
				LastSwiftUpdateCheck = 1330;
				LastUpgradeCheck = 1330;
				TargetAttributes = {
					025D5D9327F29C8500A570A5 = {
						CreatedOnToolsVersion = 13.3;
					};
				};
			};
			buildConfigurationList = 025D5D8F27F29C8500A570A5 /* Build configuration list for PBXProject "Homework_Week2" */;
			compatibilityVersion = "Xcode 13.0";
			developmentRegion = en;
			hasScannedForEncodings = 0;
			knownRegions = (
				en,
				Base,
			);
			mainGroup = 025D5D8B27F29C8500A570A5;
			productRefGroup = 025D5D9527F29C8500A570A5 /* Products */;
			projectDirPath = "";
			projectRoot = "";
			targets = (
				025D5D9327F29C8500A570A5 /* Homework_Week2 */,
			);
		};
/* End PBXProject section */

/* Begin PBXResourcesBuildPhase section */
		025D5D9227F29C8500A570A5 /* Resources */ = {
			isa = PBXResourcesBuildPhase;
			buildActionMask = 2147483647;
			files = (
				025D5DA427F29C8700A570A5 /* LaunchScreen.storyboard in Resources */,
				025D5DA127F29C8700A570A5 /* Assets.xcassets in Resources */,
				025D5D9F27F29C8500A570A5 /* Main.storyboard in Resources */,
			);
			runOnlyForDeploymentPostprocessing = 0;
		};
/* End PBXResourcesBuildPhase section */

/* Begin PBXSourcesBuildPhase section */
		025D5D9027F29C8500A570A5 /* Sources */ = {
			isa = PBXSourcesBuildPhase;
			buildActionMask = 2147483647;
			files = (
				025D5DAD27F2A04E00A570A5 /* Photo.swift in Sources */,
				02D2C560280640E700973BE3 /* PhotoDetails.swift in Sources */,
				02D2C5632806436700973BE3 /* UIViewUtil.swift in Sources */,
				025D5D9C27F29C8500A570A5 /* ViewController.swift in Sources */,
				025D5D9827F29C8500A570A5 /* AppDelegate.swift in Sources */,
				025D5DB427F2AF4900A570A5 /* CustomCell.swift in Sources */,
				025D5D9A27F29C8500A570A5 /* SceneDelegate.swift in Sources */,
				025D5DB627F3310D00A570A5 /* DetailViewController.swift in Sources */,
			);
			runOnlyForDeploymentPostprocessing = 0;
		};
/* End PBXSourcesBuildPhase section */

/* Begin PBXVariantGroup section */
		025D5D9D27F29C8500A570A5 /* Main.storyboard */ = {
			isa = PBXVariantGroup;
			children = (
				025D5D9E27F29C8500A570A5 /* Base */,
			);
			name = Main.storyboard;
			sourceTree = "<group>";
		};
		025D5DA227F29C8700A570A5 /* LaunchScreen.storyboard */ = {
			isa = PBXVariantGroup;
			children = (
				025D5DA327F29C8700A570A5 /* Base */,
			);
			name = LaunchScreen.storyboard;
			sourceTree = "<group>";
		};
/* End PBXVariantGroup section */

/* Begin XCBuildConfiguration section */
		025D5DA627F29C8700A570A5 /* Debug */ = {
			isa = XCBuildConfiguration;
			buildSettings = {
				ALWAYS_SEARCH_USER_PATHS = NO;
				CLANG_ANALYZER_NONNULL = YES;
				CLANG_ANALYZER_NUMBER_OBJECT_CONVERSION = YES_AGGRESSIVE;
				CLANG_CXX_LANGUAGE_STANDARD = "gnu++17";
				CLANG_ENABLE_MODULES = YES;
				CLANG_ENABLE_OBJC_ARC = YES;
				CLANG_ENABLE_OBJC_WEAK = YES;
				CLANG_WARN_BLOCK_CAPTURE_AUTORELEASING = YES;
				CLANG_WARN_BOOL_CONVERSION = YES;
				CLANG_WARN_COMMA = YES;
				CLANG_WARN_CONSTANT_CONVERSION = YES;
				CLANG_WARN_DEPRECATED_OBJC_IMPLEMENTATIONS = YES;
				CLANG_WARN_DIRECT_OBJC_ISA_USAGE = YES_ERROR;
				CLANG_WARN_DOCUMENTATION_COMMENTS = YES;
				CLANG_WARN_EMPTY_BODY = YES;
				CLANG_WARN_ENUM_CONVERSION = YES;
				CLANG_WARN_INFINITE_RECURSION = YES;
				CLANG_WARN_INT_CONVERSION = YES;
				CLANG_WARN_NON_LITERAL_NULL_CONVERSION = YES;
				CLANG_WARN_OBJC_IMPLICIT_RETAIN_SELF = YES;
				CLANG_WARN_OBJC_LITERAL_CONVERSION = YES;
				CLANG_WARN_OBJC_ROOT_CLASS = YES_ERROR;
				CLANG_WARN_QUOTED_INCLUDE_IN_FRAMEWORK_HEADER = YES;
				CLANG_WARN_RANGE_LOOP_ANALYSIS = YES;
				CLANG_WARN_STRICT_PROTOTYPES = YES;
				CLANG_WARN_SUSPICIOUS_MOVE = YES;
				CLANG_WARN_UNGUARDED_AVAILABILITY = YES_AGGRESSIVE;
				CLANG_WARN_UNREACHABLE_CODE = YES;
				CLANG_WARN__DUPLICATE_METHOD_MATCH = YES;
				COPY_PHASE_STRIP = NO;
				DEBUG_INFORMATION_FORMAT = dwarf;
				ENABLE_STRICT_OBJC_MSGSEND = YES;
				ENABLE_TESTABILITY = YES;
				GCC_C_LANGUAGE_STANDARD = gnu11;
				GCC_DYNAMIC_NO_PIC = NO;
				GCC_NO_COMMON_BLOCKS = YES;
				GCC_OPTIMIZATION_LEVEL = 0;
				GCC_PREPROCESSOR_DEFINITIONS = (
					"DEBUG=1",
					"$(inherited)",
				);
				GCC_WARN_64_TO_32_BIT_CONVERSION = YES;
				GCC_WARN_ABOUT_RETURN_TYPE = YES_ERROR;
				GCC_WARN_UNDECLARED_SELECTOR = YES;
				GCC_WARN_UNINITIALIZED_AUTOS = YES_AGGRESSIVE;
				GCC_WARN_UNUSED_FUNCTION = YES;
				GCC_WARN_UNUSED_VARIABLE = YES;
				IPHONEOS_DEPLOYMENT_TARGET = 15.4;
				MTL_ENABLE_DEBUG_INFO = INCLUDE_SOURCE;
				MTL_FAST_MATH = YES;
				ONLY_ACTIVE_ARCH = YES;
				SDKROOT = iphoneos;
				SWIFT_ACTIVE_COMPILATION_CONDITIONS = DEBUG;
				SWIFT_OPTIMIZATION_LEVEL = "-Onone";
			};
			name = Debug;
		};
		025D5DA727F29C8700A570A5 /* Release */ = {
			isa = XCBuildConfiguration;
			buildSettings = {
				ALWAYS_SEARCH_USER_PATHS = NO;
				CLANG_ANALYZER_NONNULL = YES;
				CLANG_ANALYZER_NUMBER_OBJECT_CONVERSION = YES_AGGRESSIVE;
				CLANG_CXX_LANGUAGE_STANDARD = "gnu++17";
				CLANG_ENABLE_MODULES = YES;
				CLANG_ENABLE_OBJC_ARC = YES;
				CLANG_ENABLE_OBJC_WEAK = YES;
				CLANG_WARN_BLOCK_CAPTURE_AUTORELEASING = YES;
				CLANG_WARN_BOOL_CONVERSION = YES;
				CLANG_WARN_COMMA = YES;
				CLANG_WARN_CONSTANT_CONVERSION = YES;
				CLANG_WARN_DEPRECATED_OBJC_IMPLEMENTATIONS = YES;
				CLANG_WARN_DIRECT_OBJC_ISA_USAGE = YES_ERROR;
				CLANG_WARN_DOCUMENTATION_COMMENTS = YES;
				CLANG_WARN_EMPTY_BODY = YES;
				CLANG_WARN_ENUM_CONVERSION = YES;
				CLANG_WARN_INFINITE_RECURSION = YES;
				CLANG_WARN_INT_CONVERSION = YES;
				CLANG_WARN_NON_LITERAL_NULL_CONVERSION = YES;
				CLANG_WARN_OBJC_IMPLICIT_RETAIN_SELF = YES;
				CLANG_WARN_OBJC_LITERAL_CONVERSION = YES;
				CLANG_WARN_OBJC_ROOT_CLASS = YES_ERROR;
				CLANG_WARN_QUOTED_INCLUDE_IN_FRAMEWORK_HEADER = YES;
				CLANG_WARN_RANGE_LOOP_ANALYSIS = YES;
				CLANG_WARN_STRICT_PROTOTYPES = YES;
				CLANG_WARN_SUSPICIOUS_MOVE = YES;
				CLANG_WARN_UNGUARDED_AVAILABILITY = YES_AGGRESSIVE;
				CLANG_WARN_UNREACHABLE_CODE = YES;
				CLANG_WARN__DUPLICATE_METHOD_MATCH = YES;
				COPY_PHASE_STRIP = NO;
				DEBUG_INFORMATION_FORMAT = "dwarf-with-dsym";
				ENABLE_NS_ASSERTIONS = NO;
				ENABLE_STRICT_OBJC_MSGSEND = YES;
				GCC_C_LANGUAGE_STANDARD = gnu11;
				GCC_NO_COMMON_BLOCKS = YES;
				GCC_WARN_64_TO_32_BIT_CONVERSION = YES;
				GCC_WARN_ABOUT_RETURN_TYPE = YES_ERROR;
				GCC_WARN_UNDECLARED_SELECTOR = YES;
				GCC_WARN_UNINITIALIZED_AUTOS = YES_AGGRESSIVE;
				GCC_WARN_UNUSED_FUNCTION = YES;
				GCC_WARN_UNUSED_VARIABLE = YES;
				IPHONEOS_DEPLOYMENT_TARGET = 15.4;
				MTL_ENABLE_DEBUG_INFO = NO;
				MTL_FAST_MATH = YES;
				SDKROOT = iphoneos;
				SWIFT_COMPILATION_MODE = wholemodule;
				SWIFT_OPTIMIZATION_LEVEL = "-O";
				VALIDATE_PRODUCT = YES;
			};
			name = Release;
		};
		025D5DA927F29C8700A570A5 /* Debug */ = {
			isa = XCBuildConfiguration;
			buildSettings = {
				ASSETCATALOG_COMPILER_APPICON_NAME = AppIcon;
				ASSETCATALOG_COMPILER_GLOBAL_ACCENT_COLOR_NAME = AccentColor;
				CODE_SIGN_STYLE = Automatic;
				CURRENT_PROJECT_VERSION = 1;
				GENERATE_INFOPLIST_FILE = YES;
				INFOPLIST_FILE = Homework_Week2/Info.plist;
				INFOPLIST_KEY_UIApplicationSupportsIndirectInputEvents = YES;
				INFOPLIST_KEY_UILaunchStoryboardName = LaunchScreen;
				INFOPLIST_KEY_UISupportedInterfaceOrientations_iPad = "UIInterfaceOrientationPortrait UIInterfaceOrientationPortraitUpsideDown UIInterfaceOrientationLandscapeLeft UIInterfaceOrientationLandscapeRight";
				INFOPLIST_KEY_UISupportedInterfaceOrientations_iPhone = "UIInterfaceOrientationPortrait UIInterfaceOrientationLandscapeLeft UIInterfaceOrientationLandscapeRight";
				LD_RUNPATH_SEARCH_PATHS = (
					"$(inherited)",
					"@executable_path/Frameworks",
				);
				MARKETING_VERSION = 1.0;
				PRODUCT_BUNDLE_IDENTIFIER = "com.eit.Homework-Week2";
				PRODUCT_NAME = "$(TARGET_NAME)";
				SWIFT_EMIT_LOC_STRINGS = YES;
				SWIFT_VERSION = 5.0;
				TARGETED_DEVICE_FAMILY = "1,2";
			};
			name = Debug;
		};
		025D5DAA27F29C8700A570A5 /* Release */ = {
			isa = XCBuildConfiguration;
			buildSettings = {
				ASSETCATALOG_COMPILER_APPICON_NAME = AppIcon;
				ASSETCATALOG_COMPILER_GLOBAL_ACCENT_COLOR_NAME = AccentColor;
				CODE_SIGN_STYLE = Automatic;
				CURRENT_PROJECT_VERSION = 1;
				GENERATE_INFOPLIST_FILE = YES;
				INFOPLIST_FILE = Homework_Week2/Info.plist;
				INFOPLIST_KEY_UIApplicationSupportsIndirectInputEvents = YES;
				INFOPLIST_KEY_UILaunchStoryboardName = LaunchScreen;
				INFOPLIST_KEY_UISupportedInterfaceOrientations_iPad = "UIInterfaceOrientationPortrait UIInterfaceOrientationPortraitUpsideDown UIInterfaceOrientationLandscapeLeft UIInterfaceOrientationLandscapeRight";
				INFOPLIST_KEY_UISupportedInterfaceOrientations_iPhone = "UIInterfaceOrientationPortrait UIInterfaceOrientationLandscapeLeft UIInterfaceOrientationLandscapeRight";
				LD_RUNPATH_SEARCH_PATHS = (
					"$(inherited)",
					"@executable_path/Frameworks",
				);
				MARKETING_VERSION = 1.0;
				PRODUCT_BUNDLE_IDENTIFIER = "com.eit.Homework-Week2";
				PRODUCT_NAME = "$(TARGET_NAME)";
				SWIFT_EMIT_LOC_STRINGS = YES;
				SWIFT_VERSION = 5.0;
				TARGETED_DEVICE_FAMILY = "1,2";
			};
			name = Release;
		};
/* End XCBuildConfiguration section */

/* Begin XCConfigurationList section */
		025D5D8F27F29C8500A570A5 /* Build configuration list for PBXProject "Homework_Week2" */ = {
			isa = XCConfigurationList;
			buildConfigurations = (
				025D5DA627F29C8700A570A5 /* Debug */,
				025D5DA727F29C8700A570A5 /* Release */,
			);
			defaultConfigurationIsVisible = 0;
			defaultConfigurationName = Release;
		};
		025D5DA827F29C8700A570A5 /* Build configuration list for PBXNativeTarget "Homework_Week2" */ = {
			isa = XCConfigurationList;
			buildConfigurations = (
				025D5DA927F29C8700A570A5 /* Debug */,
				025D5DAA27F29C8700A570A5 /* Release */,
			);
			defaultConfigurationIsVisible = 0;
			defaultConfigurationName = Release;
		};
/* End XCConfigurationList section */
	};
	rootObject = 025D5D8C27F29C8500A570A5 /* Project object */;
}
