// !$*UTF8*$!
{
	archiveVersion = 1;
	classes = {
	};
	objectVersion = 55;
	objects = {

/* Begin PBXBuildFile section */
		025444A62828663F00533843 /* AppDelegate.swift in Sources */ = {isa = PBXBuildFile; fileRef = 025444A52828663F00533843 /* AppDelegate.swift */; };
		025444A82828663F00533843 /* SceneDelegate.swift in Sources */ = {isa = PBXBuildFile; fileRef = 025444A72828663F00533843 /* SceneDelegate.swift */; };
		025444AA2828663F00533843 /* LunchViewController.swift in Sources */ = {isa = PBXBuildFile; fileRef = 025444A92828663F00533843 /* LunchViewController.swift */; };
		025444AD2828663F00533843 /* Main.storyboard in Resources */ = {isa = PBXBuildFile; fileRef = 025444AB2828663F00533843 /* Main.storyboard */; };
		025444AF2828664500533843 /* Assets.xcassets in Resources */ = {isa = PBXBuildFile; fileRef = 025444AE2828664500533843 /* Assets.xcassets */; };
		025444B22828664500533843 /* LaunchScreen.storyboard in Resources */ = {isa = PBXBuildFile; fileRef = 025444B02828664500533843 /* LaunchScreen.storyboard */; };
		025444BB282889E100533843 /* InternetsViewController.swift in Sources */ = {isa = PBXBuildFile; fileRef = 025444BA282889E000533843 /* InternetsViewController.swift */; };
		025444BE2828969400533843 /* RestaurantResponse.swift in Sources */ = {isa = PBXBuildFile; fileRef = 025444BD2828969400533843 /* RestaurantResponse.swift */; };
		025444C12828982200533843 /* NetworkManager.swift in Sources */ = {isa = PBXBuildFile; fileRef = 025444C02828982200533843 /* NetworkManager.swift */; };
		025444C328289C0800533843 /* NetworkURLs.swift in Sources */ = {isa = PBXBuildFile; fileRef = 025444C228289C0800533843 /* NetworkURLs.swift */; };
		025444C628289C6800533843 /* LunchViewModel.swift in Sources */ = {isa = PBXBuildFile; fileRef = 025444C528289C6800533843 /* LunchViewModel.swift */; };
		025444C828295C0400533843 /* RestaurantCell.swift in Sources */ = {isa = PBXBuildFile; fileRef = 025444C728295C0400533843 /* RestaurantCell.swift */; };
		025444CA2829775200533843 /* RestaurantDetailViewController.swift in Sources */ = {isa = PBXBuildFile; fileRef = 025444C92829775200533843 /* RestaurantDetailViewController.swift */; };
		02A894E02829EC3100F100F5 /* Constants.swift in Sources */ = {isa = PBXBuildFile; fileRef = 02A894DF2829EC3100F100F5 /* Constants.swift */; };
/* End PBXBuildFile section */

/* Begin PBXFileReference section */
		025444A22828663F00533843 /* BottleRocketTest.app */ = {isa = PBXFileReference; explicitFileType = wrapper.application; includeInIndex = 0; path = BottleRocketTest.app; sourceTree = BUILT_PRODUCTS_DIR; };
		025444A52828663F00533843 /* AppDelegate.swift */ = {isa = PBXFileReference; lastKnownFileType = sourcecode.swift; path = AppDelegate.swift; sourceTree = "<group>"; };
		025444A72828663F00533843 /* SceneDelegate.swift */ = {isa = PBXFileReference; lastKnownFileType = sourcecode.swift; path = SceneDelegate.swift; sourceTree = "<group>"; };
		025444A92828663F00533843 /* LunchViewController.swift */ = {isa = PBXFileReference; lastKnownFileType = sourcecode.swift; path = LunchViewController.swift; sourceTree = "<group>"; };
		025444AC2828663F00533843 /* Base */ = {isa = PBXFileReference; lastKnownFileType = file.storyboard; name = Base; path = Base.lproj/Main.storyboard; sourceTree = "<group>"; };
		025444AE2828664500533843 /* Assets.xcassets */ = {isa = PBXFileReference; lastKnownFileType = folder.assetcatalog; path = Assets.xcassets; sourceTree = "<group>"; };
		025444B12828664500533843 /* Base */ = {isa = PBXFileReference; lastKnownFileType = file.storyboard; name = Base; path = Base.lproj/LaunchScreen.storyboard; sourceTree = "<group>"; };
		025444B32828664500533843 /* Info.plist */ = {isa = PBXFileReference; lastKnownFileType = text.plist.xml; path = Info.plist; sourceTree = "<group>"; };
		025444BA282889E000533843 /* InternetsViewController.swift */ = {isa = PBXFileReference; lastKnownFileType = sourcecode.swift; path = InternetsViewController.swift; sourceTree = "<group>"; };
		025444BD2828969400533843 /* RestaurantResponse.swift */ = {isa = PBXFileReference; lastKnownFileType = sourcecode.swift; path = RestaurantResponse.swift; sourceTree = "<group>"; };
		025444C02828982200533843 /* NetworkManager.swift */ = {isa = PBXFileReference; lastKnownFileType = sourcecode.swift; path = NetworkManager.swift; sourceTree = "<group>"; };
		025444C228289C0800533843 /* NetworkURLs.swift */ = {isa = PBXFileReference; lastKnownFileType = sourcecode.swift; path = NetworkURLs.swift; sourceTree = "<group>"; };
		025444C528289C6800533843 /* LunchViewModel.swift */ = {isa = PBXFileReference; lastKnownFileType = sourcecode.swift; path = LunchViewModel.swift; sourceTree = "<group>"; };
		025444C728295C0400533843 /* RestaurantCell.swift */ = {isa = PBXFileReference; lastKnownFileType = sourcecode.swift; path = RestaurantCell.swift; sourceTree = "<group>"; };
		025444C92829775200533843 /* RestaurantDetailViewController.swift */ = {isa = PBXFileReference; lastKnownFileType = sourcecode.swift; path = RestaurantDetailViewController.swift; sourceTree = "<group>"; };
		02A894DF2829EC3100F100F5 /* Constants.swift */ = {isa = PBXFileReference; lastKnownFileType = sourcecode.swift; path = Constants.swift; sourceTree = "<group>"; };
/* End PBXFileReference section */

/* Begin PBXFrameworksBuildPhase section */
		0254449F2828663F00533843 /* Frameworks */ = {
			isa = PBXFrameworksBuildPhase;
			buildActionMask = 2147483647;
			files = (
			);
			runOnlyForDeploymentPostprocessing = 0;
		};
/* End PBXFrameworksBuildPhase section */

/* Begin PBXGroup section */
		025444992828663F00533843 = {
			isa = PBXGroup;
			children = (
				025444A42828663F00533843 /* BottleRocketTest */,
				025444A32828663F00533843 /* Products */,
			);
			sourceTree = "<group>";
		};
		025444A32828663F00533843 /* Products */ = {
			isa = PBXGroup;
			children = (
				025444A22828663F00533843 /* BottleRocketTest.app */,
			);
			name = Products;
			sourceTree = "<group>";
		};
		025444A42828663F00533843 /* BottleRocketTest */ = {
			isa = PBXGroup;
			children = (
				02A894DE2829EC2100F100F5 /* Utils */,
				025444C428289C4400533843 /* ViewModel */,
				025444BF2828980900533843 /* Networking */,
				025444BC2828964800533843 /* Models */,
				025444B92828896300533843 /* Views */,
				025444A52828663F00533843 /* AppDelegate.swift */,
				025444A72828663F00533843 /* SceneDelegate.swift */,
				025444AB2828663F00533843 /* Main.storyboard */,
				025444AE2828664500533843 /* Assets.xcassets */,
				025444B02828664500533843 /* LaunchScreen.storyboard */,
				025444B32828664500533843 /* Info.plist */,
			);
			path = BottleRocketTest;
			sourceTree = "<group>";
		};
		025444B92828896300533843 /* Views */ = {
			isa = PBXGroup;
			children = (
				025444A92828663F00533843 /* LunchViewController.swift */,
				025444BA282889E000533843 /* InternetsViewController.swift */,
				025444C728295C0400533843 /* RestaurantCell.swift */,
				025444C92829775200533843 /* RestaurantDetailViewController.swift */,
			);
			path = Views;
			sourceTree = "<group>";
		};
		025444BC2828964800533843 /* Models */ = {
			isa = PBXGroup;
			children = (
				025444BD2828969400533843 /* RestaurantResponse.swift */,
			);
			path = Models;
			sourceTree = "<group>";
		};
		025444BF2828980900533843 /* Networking */ = {
			isa = PBXGroup;
			children = (
				025444C02828982200533843 /* NetworkManager.swift */,
				025444C228289C0800533843 /* NetworkURLs.swift */,
			);
			path = Networking;
			sourceTree = "<group>";
		};
		025444C428289C4400533843 /* ViewModel */ = {
			isa = PBXGroup;
			children = (
				025444C528289C6800533843 /* LunchViewModel.swift */,
			);
			path = ViewModel;
			sourceTree = "<group>";
		};
		02A894DE2829EC2100F100F5 /* Utils */ = {
			isa = PBXGroup;
			children = (
				02A894DF2829EC3100F100F5 /* Constants.swift */,
			);
			path = Utils;
			sourceTree = "<group>";
		};
/* End PBXGroup section */

/* Begin PBXNativeTarget section */
		025444A12828663F00533843 /* BottleRocketTest */ = {
			isa = PBXNativeTarget;
			buildConfigurationList = 025444B62828664500533843 /* Build configuration list for PBXNativeTarget "BottleRocketTest" */;
			buildPhases = (
				0254449E2828663F00533843 /* Sources */,
				0254449F2828663F00533843 /* Frameworks */,
				025444A02828663F00533843 /* Resources */,
			);
			buildRules = (
			);
			dependencies = (
			);
			name = BottleRocketTest;
			productName = BottleRocketTest;
			productReference = 025444A22828663F00533843 /* BottleRocketTest.app */;
			productType = "com.apple.product-type.application";
		};
/* End PBXNativeTarget section */

/* Begin PBXProject section */
		0254449A2828663F00533843 /* Project object */ = {
			isa = PBXProject;
			attributes = {
				BuildIndependentTargetsInParallel = 1;
				LastSwiftUpdateCheck = 1330;
				LastUpgradeCheck = 1330;
				TargetAttributes = {
					025444A12828663F00533843 = {
						CreatedOnToolsVersion = 13.3.1;
					};
				};
			};
			buildConfigurationList = 0254449D2828663F00533843 /* Build configuration list for PBXProject "BottleRocketTest" */;
			compatibilityVersion = "Xcode 13.0";
			developmentRegion = en;
			hasScannedForEncodings = 0;
			knownRegions = (
				en,
				Base,
			);
			mainGroup = 025444992828663F00533843;
			productRefGroup = 025444A32828663F00533843 /* Products */;
			projectDirPath = "";
			projectRoot = "";
			targets = (
				025444A12828663F00533843 /* BottleRocketTest */,
			);
		};
/* End PBXProject section */

/* Begin PBXResourcesBuildPhase section */
		025444A02828663F00533843 /* Resources */ = {
			isa = PBXResourcesBuildPhase;
			buildActionMask = 2147483647;
			files = (
				025444B22828664500533843 /* LaunchScreen.storyboard in Resources */,
				025444AF2828664500533843 /* Assets.xcassets in Resources */,
				025444AD2828663F00533843 /* Main.storyboard in Resources */,
			);
			runOnlyForDeploymentPostprocessing = 0;
		};
/* End PBXResourcesBuildPhase section */

/* Begin PBXSourcesBuildPhase section */
		0254449E2828663F00533843 /* Sources */ = {
			isa = PBXSourcesBuildPhase;
			buildActionMask = 2147483647;
			files = (
				025444C828295C0400533843 /* RestaurantCell.swift in Sources */,
				02A894E02829EC3100F100F5 /* Constants.swift in Sources */,
				025444C12828982200533843 /* NetworkManager.swift in Sources */,
				025444CA2829775200533843 /* RestaurantDetailViewController.swift in Sources */,
				025444BE2828969400533843 /* RestaurantResponse.swift in Sources */,
				025444AA2828663F00533843 /* LunchViewController.swift in Sources */,
				025444A62828663F00533843 /* AppDelegate.swift in Sources */,
				025444C328289C0800533843 /* NetworkURLs.swift in Sources */,
				025444C628289C6800533843 /* LunchViewModel.swift in Sources */,
				025444A82828663F00533843 /* SceneDelegate.swift in Sources */,
				025444BB282889E100533843 /* InternetsViewController.swift in Sources */,
			);
			runOnlyForDeploymentPostprocessing = 0;
		};
/* End PBXSourcesBuildPhase section */

/* Begin PBXVariantGroup section */
		025444AB2828663F00533843 /* Main.storyboard */ = {
			isa = PBXVariantGroup;
			children = (
				025444AC2828663F00533843 /* Base */,
			);
			name = Main.storyboard;
			sourceTree = "<group>";
		};
		025444B02828664500533843 /* LaunchScreen.storyboard */ = {
			isa = PBXVariantGroup;
			children = (
				025444B12828664500533843 /* Base */,
			);
			name = LaunchScreen.storyboard;
			sourceTree = "<group>";
		};
/* End PBXVariantGroup section */

/* Begin XCBuildConfiguration section */
		025444B42828664500533843 /* Debug */ = {
			isa = XCBuildConfiguration;
			buildSettings = {
				ALWAYS_SEARCH_USER_PATHS = NO;
				CLANG_ANALYZER_NONNULL = YES;
				CLANG_ANALYZER_NUMBER_OBJECT_CONVERSION = YES_AGGRESSIVE;
				CLANG_CXX_LANGUAGE_STANDARD = "gnu++17";
				CLANG_ENABLE_MODULES = YES;
				CLANG_ENABLE_OBJC_ARC = YES;
				CLANG_ENABLE_OBJC_WEAK = YES;
				CLANG_WARN_BLOCK_CAPTURE_AUTORELEASING = YES;
				CLANG_WARN_BOOL_CONVERSION = YES;
				CLANG_WARN_COMMA = YES;
				CLANG_WARN_CONSTANT_CONVERSION = YES;
				CLANG_WARN_DEPRECATED_OBJC_IMPLEMENTATIONS = YES;
				CLANG_WARN_DIRECT_OBJC_ISA_USAGE = YES_ERROR;
				CLANG_WARN_DOCUMENTATION_COMMENTS = YES;
				CLANG_WARN_EMPTY_BODY = YES;
				CLANG_WARN_ENUM_CONVERSION = YES;
				CLANG_WARN_INFINITE_RECURSION = YES;
				CLANG_WARN_INT_CONVERSION = YES;
				CLANG_WARN_NON_LITERAL_NULL_CONVERSION = YES;
				CLANG_WARN_OBJC_IMPLICIT_RETAIN_SELF = YES;
				CLANG_WARN_OBJC_LITERAL_CONVERSION = YES;
				CLANG_WARN_OBJC_ROOT_CLASS = YES_ERROR;
				CLANG_WARN_QUOTED_INCLUDE_IN_FRAMEWORK_HEADER = YES;
				CLANG_WARN_RANGE_LOOP_ANALYSIS = YES;
				CLANG_WARN_STRICT_PROTOTYPES = YES;
				CLANG_WARN_SUSPICIOUS_MOVE = YES;
				CLANG_WARN_UNGUARDED_AVAILABILITY = YES_AGGRESSIVE;
				CLANG_WARN_UNREACHABLE_CODE = YES;
				CLANG_WARN__DUPLICATE_METHOD_MATCH = YES;
				COPY_PHASE_STRIP = NO;
				DEBUG_INFORMATION_FORMAT = dwarf;
				ENABLE_STRICT_OBJC_MSGSEND = YES;
				ENABLE_TESTABILITY = YES;
				GCC_C_LANGUAGE_STANDARD = gnu11;
				GCC_DYNAMIC_NO_PIC = NO;
				GCC_NO_COMMON_BLOCKS = YES;
				GCC_OPTIMIZATION_LEVEL = 0;
				GCC_PREPROCESSOR_DEFINITIONS = (
					"DEBUG=1",
					"$(inherited)",
				);
				GCC_WARN_64_TO_32_BIT_CONVERSION = YES;
				GCC_WARN_ABOUT_RETURN_TYPE = YES_ERROR;
				GCC_WARN_UNDECLARED_SELECTOR = YES;
				GCC_WARN_UNINITIALIZED_AUTOS = YES_AGGRESSIVE;
				GCC_WARN_UNUSED_FUNCTION = YES;
				GCC_WARN_UNUSED_VARIABLE = YES;
				IPHONEOS_DEPLOYMENT_TARGET = 15.4;
				MTL_ENABLE_DEBUG_INFO = INCLUDE_SOURCE;
				MTL_FAST_MATH = YES;
				ONLY_ACTIVE_ARCH = YES;
				SDKROOT = iphoneos;
				SWIFT_ACTIVE_COMPILATION_CONDITIONS = DEBUG;
				SWIFT_OPTIMIZATION_LEVEL = "-Onone";
			};
			name = Debug;
		};
		025444B52828664500533843 /* Release */ = {
			isa = XCBuildConfiguration;
			buildSettings = {
				ALWAYS_SEARCH_USER_PATHS = NO;
				CLANG_ANALYZER_NONNULL = YES;
				CLANG_ANALYZER_NUMBER_OBJECT_CONVERSION = YES_AGGRESSIVE;
				CLANG_CXX_LANGUAGE_STANDARD = "gnu++17";
				CLANG_ENABLE_MODULES = YES;
				CLANG_ENABLE_OBJC_ARC = YES;
				CLANG_ENABLE_OBJC_WEAK = YES;
				CLANG_WARN_BLOCK_CAPTURE_AUTORELEASING = YES;
				CLANG_WARN_BOOL_CONVERSION = YES;
				CLANG_WARN_COMMA = YES;
				CLANG_WARN_CONSTANT_CONVERSION = YES;
				CLANG_WARN_DEPRECATED_OBJC_IMPLEMENTATIONS = YES;
				CLANG_WARN_DIRECT_OBJC_ISA_USAGE = YES_ERROR;
				CLANG_WARN_DOCUMENTATION_COMMENTS = YES;
				CLANG_WARN_EMPTY_BODY = YES;
				CLANG_WARN_ENUM_CONVERSION = YES;
				CLANG_WARN_INFINITE_RECURSION = YES;
				CLANG_WARN_INT_CONVERSION = YES;
				CLANG_WARN_NON_LITERAL_NULL_CONVERSION = YES;
				CLANG_WARN_OBJC_IMPLICIT_RETAIN_SELF = YES;
				CLANG_WARN_OBJC_LITERAL_CONVERSION = YES;
				CLANG_WARN_OBJC_ROOT_CLASS = YES_ERROR;
				CLANG_WARN_QUOTED_INCLUDE_IN_FRAMEWORK_HEADER = YES;
				CLANG_WARN_RANGE_LOOP_ANALYSIS = YES;
				CLANG_WARN_STRICT_PROTOTYPES = YES;
				CLANG_WARN_SUSPICIOUS_MOVE = YES;
				CLANG_WARN_UNGUARDED_AVAILABILITY = YES_AGGRESSIVE;
				CLANG_WARN_UNREACHABLE_CODE = YES;
				CLANG_WARN__DUPLICATE_METHOD_MATCH = YES;
				COPY_PHASE_STRIP = NO;
				DEBUG_INFORMATION_FORMAT = "dwarf-with-dsym";
				ENABLE_NS_ASSERTIONS = NO;
				ENABLE_STRICT_OBJC_MSGSEND = YES;
				GCC_C_LANGUAGE_STANDARD = gnu11;
				GCC_NO_COMMON_BLOCKS = YES;
				GCC_WARN_64_TO_32_BIT_CONVERSION = YES;
				GCC_WARN_ABOUT_RETURN_TYPE = YES_ERROR;
				GCC_WARN_UNDECLARED_SELECTOR = YES;
				GCC_WARN_UNINITIALIZED_AUTOS = YES_AGGRESSIVE;
				GCC_WARN_UNUSED_FUNCTION = YES;
				GCC_WARN_UNUSED_VARIABLE = YES;
				IPHONEOS_DEPLOYMENT_TARGET = 15.4;
				MTL_ENABLE_DEBUG_INFO = NO;
				MTL_FAST_MATH = YES;
				SDKROOT = iphoneos;
				SWIFT_COMPILATION_MODE = wholemodule;
				SWIFT_OPTIMIZATION_LEVEL = "-O";
				VALIDATE_PRODUCT = YES;
			};
			name = Release;
		};
		025444B72828664500533843 /* Debug */ = {
			isa = XCBuildConfiguration;
			buildSettings = {
				ASSETCATALOG_COMPILER_APPICON_NAME = AppIcon;
				ASSETCATALOG_COMPILER_GLOBAL_ACCENT_COLOR_NAME = AccentColor;
				CODE_SIGN_STYLE = Automatic;
				CURRENT_PROJECT_VERSION = 1;
				GENERATE_INFOPLIST_FILE = YES;
				INFOPLIST_FILE = BottleRocketTest/Info.plist;
				INFOPLIST_KEY_UIApplicationSupportsIndirectInputEvents = YES;
				INFOPLIST_KEY_UILaunchStoryboardName = LaunchScreen;
				INFOPLIST_KEY_UISupportedInterfaceOrientations_iPad = "UIInterfaceOrientationPortrait UIInterfaceOrientationPortraitUpsideDown UIInterfaceOrientationLandscapeLeft UIInterfaceOrientationLandscapeRight";
				INFOPLIST_KEY_UISupportedInterfaceOrientations_iPhone = "UIInterfaceOrientationPortrait UIInterfaceOrientationLandscapeLeft UIInterfaceOrientationLandscapeRight";
				LD_RUNPATH_SEARCH_PATHS = (
					"$(inherited)",
					"@executable_path/Frameworks",
				);
				MARKETING_VERSION = 1.0;
				PRODUCT_BUNDLE_IDENTIFIER = com.eit.BottleRocketTest;
				PRODUCT_NAME = "$(TARGET_NAME)";
				SWIFT_EMIT_LOC_STRINGS = YES;
				SWIFT_VERSION = 5.0;
				TARGETED_DEVICE_FAMILY = "1,2";
			};
			name = Debug;
		};
		025444B82828664500533843 /* Release */ = {
			isa = XCBuildConfiguration;
			buildSettings = {
				ASSETCATALOG_COMPILER_APPICON_NAME = AppIcon;
				ASSETCATALOG_COMPILER_GLOBAL_ACCENT_COLOR_NAME = AccentColor;
				CODE_SIGN_STYLE = Automatic;
				CURRENT_PROJECT_VERSION = 1;
				GENERATE_INFOPLIST_FILE = YES;
				INFOPLIST_FILE = BottleRocketTest/Info.plist;
				INFOPLIST_KEY_UIApplicationSupportsIndirectInputEvents = YES;
				INFOPLIST_KEY_UILaunchStoryboardName = LaunchScreen;
				INFOPLIST_KEY_UISupportedInterfaceOrientations_iPad = "UIInterfaceOrientationPortrait UIInterfaceOrientationPortraitUpsideDown UIInterfaceOrientationLandscapeLeft UIInterfaceOrientationLandscapeRight";
				INFOPLIST_KEY_UISupportedInterfaceOrientations_iPhone = "UIInterfaceOrientationPortrait UIInterfaceOrientationLandscapeLeft UIInterfaceOrientationLandscapeRight";
				LD_RUNPATH_SEARCH_PATHS = (
					"$(inherited)",
					"@executable_path/Frameworks",
				);
				MARKETING_VERSION = 1.0;
				PRODUCT_BUNDLE_IDENTIFIER = com.eit.BottleRocketTest;
				PRODUCT_NAME = "$(TARGET_NAME)";
				SWIFT_EMIT_LOC_STRINGS = YES;
				SWIFT_VERSION = 5.0;
				TARGETED_DEVICE_FAMILY = "1,2";
			};
			name = Release;
		};
/* End XCBuildConfiguration section */

/* Begin XCConfigurationList section */
		0254449D2828663F00533843 /* Build configuration list for PBXProject "BottleRocketTest" */ = {
			isa = XCConfigurationList;
			buildConfigurations = (
				025444B42828664500533843 /* Debug */,
				025444B52828664500533843 /* Release */,
			);
			defaultConfigurationIsVisible = 0;
			defaultConfigurationName = Release;
		};
		025444B62828664500533843 /* Build configuration list for PBXNativeTarget "BottleRocketTest" */ = {
			isa = XCConfigurationList;
			buildConfigurations = (
				025444B72828664500533843 /* Debug */,
				025444B82828664500533843 /* Release */,
			);
			defaultConfigurationIsVisible = 0;
			defaultConfigurationName = Release;
		};
/* End XCConfigurationList section */
	};
	rootObject = 0254449A2828663F00533843 /* Project object */;
}
